# THIS IS AN AUTOGENERATED FILE. DO NOT EDIT THIS FILE DIRECTLY.
# yarn lockfile v1


fetch@github/fetch#^2.0.3:
  version "2.0.4"
  resolved "https://codeload.github.com/github/fetch/tar.gz/cbb313bf09512efda9444e40fe9e8ac432ac1108"

jquery@jquery/jquery-dist#^3.2.1:
  version "3.3.1"
  resolved "https://codeload.github.com/jquery/jquery-dist/tar.gz/9e8ec3d10fad04748176144f108d7355662ae75e"

promise-polyfill@taylorhakes/promise-polyfill#^6.0.2:
  version "6.0.2"
  resolved "https://codeload.github.com/taylorhakes/promise-polyfill/tar.gz/3591c457e9999ecf5e5c648ed68d4f21a0ad3d11"

xterm.js@sourcelair/xterm.js#^2.7.0:
  version "2.9.2"
  resolved "https://codeload.github.com/sourcelair/xterm.js/tar.gz/ea07bf8f694a6e9714779b19c174e26162c39196"
